version: 2.0
uuid: a8825a11-51a0-46e0-81d5-10c05a2b75dd
format_uuid: f5e6cf5e-bd9f-4caf-9098-fe4a9e0aeaa0
rule: Stormshield Ses Critical Not Block
description: >-
  Stormshield Endpoint Security detect threat with critical severity that was not blocked
sources: https://documentation.stormshield.eu/SES/v7.2/en/Content/PDF/ses-en-administration_guide-v7.2.pdf
effort: master
detection:
  selection:
    sekoiaio.intake.dialect_uuid: 'f5e6cf5e-bd9f-4caf-9098-fe4a9e0aeaa0'
    stormshield.ses.action.blocked: 'false'
    stormshield.ses.level: 'Critical'
  condition: selection
alert_category: malicious-code
alert_type: malware
alert_severity: 70
attack:
  - T1204
data_sources:
  - Process monitoring
  - File monitoring
similarity_strategy:
  - sekoiaio.entity.uuid
  - host.name
  - event.reason
tags:
  - Stormshield SES
changelog:
  - date: 18/03/2026
    level: minor
    change: Update rule type to integration
