version: 2.0
uuid: 01bf03f8-24a7-420a-b677-ab90a76cc467
format_uuid: f5e6cf5e-bd9f-4caf-9098-fe4a9e0aeaa0
rule: Stormshield Ses Emergency Block
description: >-
  Stormshield Endpoint Security block execution with emergency severity
sources: https://documentation.stormshield.eu/SES/v7.2/en/Content/PDF/ses-en-administration_guide-v7.2.pdf
effort: master
detection:
  selection:
    sekoiaio.intake.dialect_uuid: 'f5e6cf5e-bd9f-4caf-9098-fe4a9e0aeaa0'
    stormshield.ses.action.blocked: 'true'
    stormshield.ses.level: 'Emergency'
  condition: selection
alert_category: malicious-code
alert_type: malware
alert_severity: 90
attack:
  - T1204
data_sources:
  - Process monitoring
  - File monitoring
similarity_strategy:
  - sekoiaio.entity.uuid
  - host.name
  - event.reason
tags:
  - Stormshield SES
changelog:
  - date: 18/03/2026
    level: minor
    change: Update rule type to integration
